
Microsoft Visual Studio Solution File, Format Version 12.00
# Visual Studio Version 17
VisualStudioVersion = 17.5.002.0
MinimumVisualStudioVersion = 10.0.40219.1
Project("{9A19103F-16F7-4668-BE54-9A1E7A4F7556}") = "WorkHive.Api", "WorkHive.Api\WorkHive.Api.csproj", "{293DD004-1D31-4452-B9D2-9256FE26E093}"
EndProject
Project("{9A19103F-16F7-4668-BE54-9A1E7A4F7556}") = "WorkHive.Application", "WorkHive.Application\WorkHive.Application.csproj", "{99222EEA-2125-46F0-97C3-9664325AA5DD}"
EndProject
Project("{9A19103F-16F7-4668-BE54-9A1E7A4F7556}") = "WorkHive.Domain", "WorkHive.Domain\WorkHive.Domain.csproj", "{FE363C09-FDDB-4CDC-A61B-BB7C4B13BBCD}"
EndProject
Project("{9A19103F-16F7-4668-BE54-9A1E7A4F7556}") = "WorkHive.Infrastructure", "WorkHive.Infrastructure\WorkHive.Infrastructure.csproj", "{9BE001B9-FC0D-4811-8BB4-115EC7AEBEF0}"
EndProject
Project("{9A19103F-16F7-4668-BE54-9A1E7A4F7556}") = "WorkHive.UnitTests", "WorkHive.UnitTests\WorkHive.UnitTests.csproj", "{AC8DCBB2-0702-4F43-B334-C21596797970}"
EndProject
Global
	GlobalSection(SolutionConfigurationPlatforms) = preSolution
		Debug|Any CPU = Debug|Any CPU
		Release|Any CPU = Release|Any CPU
	EndGlobalSection
	GlobalSection(ProjectConfigurationPlatforms) = postSolution
		{293DD004-1D31-4452-B9D2-9256FE26E093}.Debug|Any CPU.ActiveCfg = Debug|Any CPU
		{293DD004-1D31-4452-B9D2-9256FE26E093}.Debug|Any CPU.Build.0 = Debug|Any CPU
		{293DD004-1D31-4452-B9D2-9256FE26E093}.Release|Any CPU.ActiveCfg = Release|Any CPU
		{293DD004-1D31-4452-B9D2-9256FE26E093}.Release|Any CPU.Build.0 = Release|Any CPU
		{99222EEA-2125-46F0-97C3-9664325AA5DD}.Debug|Any CPU.ActiveCfg = Debug|Any CPU
		{99222EEA-2125-46F0-97C3-9664325AA5DD}.Debug|Any CPU.Build.0 = Debug|Any CPU
		{99222EEA-2125-46F0-97C3-9664325AA5DD}.Release|Any CPU.ActiveCfg = Release|Any CPU
		{99222EEA-2125-46F0-97C3-9664325AA5DD}.Release|Any CPU.Build.0 = Release|Any CPU
		{FE363C09-FDDB-4CDC-A61B-BB7C4B13BBCD}.Debug|Any CPU.ActiveCfg = Debug|Any CPU
		{FE363C09-FDDB-4CDC-A61B-BB7C4B13BBCD}.Debug|Any CPU.Build.0 = Debug|Any CPU
		{FE363C09-FDDB-4CDC-A61B-BB7C4B13BBCD}.Release|Any CPU.ActiveCfg = Release|Any CPU
		{FE363C09-FDDB-4CDC-A61B-BB7C4B13BBCD}.Release|Any CPU.Build.0 = Release|Any CPU
		{9BE001B9-FC0D-4811-8BB4-115EC7AEBEF0}.Debug|Any CPU.ActiveCfg = Debug|Any CPU
		{9BE001B9-FC0D-4811-8BB4-115EC7AEBEF0}.Debug|Any CPU.Build.0 = Debug|Any CPU
		{9BE001B9-FC0D-4811-8BB4-115EC7AEBEF0}.Release|Any CPU.ActiveCfg = Release|Any CPU
		{9BE001B9-FC0D-4811-8BB4-115EC7AEBEF0}.Release|Any CPU.Build.0 = Release|Any CPU
		{AC8DCBB2-0702-4F43-B334-C21596797970}.Debug|Any CPU.ActiveCfg = Debug|Any CPU
		{AC8DCBB2-0702-4F43-B334-C21596797970}.Debug|Any CPU.Build.0 = Debug|Any CPU
		{AC8DCBB2-0702-4F43-B334-C21596797970}.Release|Any CPU.ActiveCfg = Release|Any CPU
		{AC8DCBB2-0702-4F43-B334-C21596797970}.Release|Any CPU.Build.0 = Release|Any CPU
	EndGlobalSection
	GlobalSection(SolutionProperties) = preSolution
		HideSolutionNode = FALSE
	EndGlobalSection
	GlobalSection(ExtensibilityGlobals) = postSolution
		SolutionGuid = {A1AC0FA7-49D5-43F6-8CE8-5AAE5CCAF848}
	EndGlobalSection
EndGlobal
